
Microsoft Visual Studio Solution File, Format Version 11.00
# Visual Studio 2010
Project("{FAE04EC0-301F-11D3-BF4B-00C04F79EFBC}") = "Typing", "Typing\Typing.csproj", "{459F23A6-96E8-4E88-9415-DF102CFACBA8}"
EndProject
Project("{FAE04EC0-301F-11D3-BF4B-00C04F79EFBC}") = "MvvmFoundation.Wpf", "MvvmFoundation.Wpf\MvvmFoundation.Wpf.csproj", "{2E922430-EAAC-4589-A8F4-F35FBB9799B8}"
EndProject
Project("{FAE04EC0-301F-11D3-BF4B-00C04F79EFBC}") = "Typing.Tests", "Typing.Tests\Typing.Tests.csproj", "{5D6146F8-B5B1-4B6A-895A-5933C55ACBB0}"
EndProject
Project("{2150E333-8FDC-42A3-9474-1A3956D46DE8}") = "Solution Items", "Solution Items", "{D594847B-46CA-4313-BD12-6E5EEB79A749}"
	ProjectSection(SolutionItems) = preProject
		Local.testsettings = Local.testsettings
		TraceAndTestImpact.testsettings = TraceAndTestImpact.testsettings
		Typing.vsmdi = Typing.vsmdi
	EndProjectSection
EndProject
Project("{FAE04EC0-301F-11D3-BF4B-00C04F79EFBC}") = "Typing.DataAccess", "TextProviders\Typing.DataAccess.csproj", "{7D15F298-6C65-4424-A812-9753D15B065D}"
EndProject
Global
	GlobalSection(TeamFoundationVersionControl) = preSolution
		SccNumberOfProjects = 5
		SccEnterpriseProvider = {4CA58AB2-18FA-4F8D-95D4-32DDF27D184C}
		SccTeamFoundationServer = http://tfs.runmeover.com:8080/tfs/defaultcollection
		SccLocalPath0 = .
		SccProjectUniqueName1 = Typing\\Typing.csproj
		SccProjectName1 = Typing
		SccLocalPath1 = Typing
		SccProjectUniqueName2 = MvvmFoundation.Wpf\\MvvmFoundation.Wpf.csproj
		SccProjectName2 = MvvmFoundation.Wpf
		SccLocalPath2 = MvvmFoundation.Wpf
		SccProjectUniqueName3 = Typing.Tests\\Typing.Tests.csproj
		SccProjectName3 = Typing.Tests
		SccLocalPath3 = Typing.Tests
		SccProjectUniqueName4 = TextProviders\\Typing.DataAccess.csproj
		SccProjectName4 = TextProviders
		SccLocalPath4 = TextProviders
	EndGlobalSection
	GlobalSection(TestCaseManagementSettings) = postSolution
		CategoryFile = Typing.vsmdi
	EndGlobalSection
	GlobalSection(SolutionConfigurationPlatforms) = preSolution
		Debug|Any CPU = Debug|Any CPU
		Release|Any CPU = Release|Any CPU
	EndGlobalSection
	GlobalSection(ProjectConfigurationPlatforms) = postSolution
		{459F23A6-96E8-4E88-9415-DF102CFACBA8}.Debug|Any CPU.ActiveCfg = Debug|Any CPU
		{459F23A6-96E8-4E88-9415-DF102CFACBA8}.Debug|Any CPU.Build.0 = Debug|Any CPU
		{459F23A6-96E8-4E88-9415-DF102CFACBA8}.Release|Any CPU.ActiveCfg = Release|Any CPU
		{459F23A6-96E8-4E88-9415-DF102CFACBA8}.Release|Any CPU.Build.0 = Release|Any CPU
		{2E922430-EAAC-4589-A8F4-F35FBB9799B8}.Debug|Any CPU.ActiveCfg = Debug|Any CPU
		{2E922430-EAAC-4589-A8F4-F35FBB9799B8}.Debug|Any CPU.Build.0 = Debug|Any CPU
		{2E922430-EAAC-4589-A8F4-F35FBB9799B8}.Release|Any CPU.ActiveCfg = Release|Any CPU
		{2E922430-EAAC-4589-A8F4-F35FBB9799B8}.Release|Any CPU.Build.0 = Release|Any CPU
		{5D6146F8-B5B1-4B6A-895A-5933C55ACBB0}.Debug|Any CPU.ActiveCfg = Debug|Any CPU
		{5D6146F8-B5B1-4B6A-895A-5933C55ACBB0}.Debug|Any CPU.Build.0 = Debug|Any CPU
		{5D6146F8-B5B1-4B6A-895A-5933C55ACBB0}.Release|Any CPU.ActiveCfg = Release|Any CPU
		{5D6146F8-B5B1-4B6A-895A-5933C55ACBB0}.Release|Any CPU.Build.0 = Release|Any CPU
		{7D15F298-6C65-4424-A812-9753D15B065D}.Debug|Any CPU.ActiveCfg = Debug|Any CPU
		{7D15F298-6C65-4424-A812-9753D15B065D}.Debug|Any CPU.Build.0 = Debug|Any CPU
		{7D15F298-6C65-4424-A812-9753D15B065D}.Release|Any CPU.ActiveCfg = Release|Any CPU
		{7D15F298-6C65-4424-A812-9753D15B065D}.Release|Any CPU.Build.0 = Release|Any CPU
	EndGlobalSection
	GlobalSection(SolutionProperties) = preSolution
		HideSolutionNode = FALSE
	EndGlobalSection
EndGlobal
